
Microsoft Visual Studio Solution File, Format Version 12.00
# Visual Studio Version 17
VisualStudioVersion = 17.0.31912.275
MinimumVisualStudioVersion = 10.0.40219.1
Project("{FAE04EC0-301F-11D3-BF4B-00C04F79EFBC}") = "Day-7", "Day-7.csproj", "{6A1F96FD-573B-41E5-B7DE-310B73351834}"
EndProject
Global
	GlobalSection(SolutionConfigurationPlatforms) = preSolution
		Debug|Any CPU = Debug|Any CPU
		Release|Any CPU = Release|Any CPU
	EndGlobalSection
	GlobalSection(ProjectConfigurationPlatforms) = postSolution
		{6A1F96FD-573B-41E5-B7DE-310B73351834}.Debug|Any CPU.ActiveCfg = Debug|Any CPU
		{6A1F96FD-573B-41E5-B7DE-310B73351834}.Debug|Any CPU.Build.0 = Debug|Any CPU
		{6A1F96FD-573B-41E5-B7DE-310B73351834}.Release|Any CPU.ActiveCfg = Release|Any CPU
		{6A1F96FD-573B-41E5-B7DE-310B73351834}.Release|Any CPU.Build.0 = Release|Any CPU
	EndGlobalSection
	GlobalSection(SolutionProperties) = preSolution
		HideSolutionNode = FALSE
	EndGlobalSection
	GlobalSection(ExtensibilityGlobals) = postSolution
		SolutionGuid = {5B697C73-5B1D-46B0-9571-B364CD732C20}
	EndGlobalSection
EndGlobal
